# This file is automatically @generated by Poetry 1.8.3 and should not be changed by hand.

[[package]]
name = "cx-freeze"
version = "7.2.7"
description = "Create standalone executables from Python scripts"
optional = false
python-versions = ">=3.8"
files = [
    {file = "cx_Freeze-7.2.7-cp310-cp310-macosx_10_9_x86_64.whl", hash = "sha256:5fd56b5bfc37d38cc64700b8f17ff76632dcb03f739ca5b0f6038f8ab39e136d"},
    {file = "cx_Freeze-7.2.7-cp310-cp310-manylinux_2_17_aarch64.manylinux2014_aarch64.whl", hash = "sha256:e065227b26477bfe8e0a2adc1e7b6bd318c7e0690b60bf1b2370598e5696c598"},
    {file = "cx_Freeze-7.2.7-cp310-cp310-manylinux_2_17_ppc64le.manylinux2014_ppc64le.whl", hash = "sha256:da55ecd56e5e05f9485151d9af0abf18150f86ce4c2734d9a71fabba3f3cd524"},
    {file = "cx_Freeze-7.2.7-cp310-cp310-manylinux_2_17_x86_64.manylinux2014_x86_64.whl", hash = "sha256:77866e408abe64869361590dc6aba8d57d7e7ab4693c06f1334eabc5d7155361"},
    {file = "cx_Freeze-7.2.7-cp310-cp310-musllinux_1_2_aarch64.whl", hash = "sha256:9b1a27ce838d4c262264e3aa6a5e7c5d4468a870ee873e3a49269a8752ab61fa"},
    {file = "cx_Freeze-7.2.7-cp310-cp310-musllinux_1_2_ppc64le.whl", hash = "sha256:97a227c567e86b7d3b83ab5f96f96070b2396943c47d7c64d643770944acd5c5"},
    {file = "cx_Freeze-7.2.7-cp310-cp310-musllinux_1_2_x86_64.whl", hash = "sha256:839140debb42792be2ff6f0e8b261f3e230d0dfe71164c06ee8fa1bbaf2ff1a9"},
    {file = "cx_Freeze-7.2.7-cp310-cp310-win32.whl", hash = "sha256:c34a6e85897f5cb1be84a204feef564adb6f1c753626bf0cf7713a8c4809ed27"},
    {file = "cx_Freeze-7.2.7-cp310-cp310-win_amd64.whl", hash = "sha256:5ea3f05d31a7432b0516a58e4b7301277c0a5ac693597d531d9ca913d79169ce"},
    {file = "cx_Freeze-7.2.7-cp311-cp311-macosx_10_9_universal2.whl", hash = "sha256:65e900cec673dc9bf6b8e21a760b3964b5b20b2586f274184c4c474c78e343f3"},
    {file = "cx_Freeze-7.2.7-cp311-cp311-macosx_10_9_x86_64.whl", hash = "sha256:8c9119b8dbe93b362d4658ed817e28d9d2fd9c29d5ade565ca23cd0e049440a8"},
    {file = "cx_Freeze-7.2.7-cp311-cp311-macosx_11_0_arm64.whl", hash = "sha256:3a26b65bd4e2414bbab84307a906ea207de3c1f3198bc9f6286a81597ddebe38"},
    {file = "cx_Freeze-7.2.7-cp311-cp311-manylinux_2_17_aarch64.manylinux2014_aarch64.whl", hash = "sha256:aa7e75e8dd4ffce44465141c2857fcf5fb5a31dfbcabbbee9929b55e79f051e2"},
    {file = "cx_Freeze-7.2.7-cp311-cp311-manylinux_2_17_ppc64le.manylinux2014_ppc64le.whl", hash = "sha256:b7b1fe00f689a0c06197bef07ba3dce985d768c405e0042dfa796bbafa53d6b4"},
    {file = "cx_Freeze-7.2.7-cp311-cp311-manylinux_2_17_x86_64.manylinux2014_x86_64.whl", hash = "sha256:34d0ec5a41d59c55878711cf3812f46444d71f911c8ed1de467591c36aed9d6d"},
    {file = "cx_Freeze-7.2.7-cp311-cp311-musllinux_1_2_aarch64.whl", hash = "sha256:3131a443473c21e019317419a9b3a82b2ae1cec5c76bce6c9e2f36f41803720a"},
    {file = "cx_Freeze-7.2.7-cp311-cp311-musllinux_1_2_ppc64le.whl", hash = "sha256:93179c236c3e1e64b6b8101d9012a8084df74736ed5cf10047721b4c7c2076ef"},
    {file = "cx_Freeze-7.2.7-cp311-cp311-musllinux_1_2_x86_64.whl", hash = "sha256:05dac0676586eed96fbde187fd63ace05ec0c4462ec64367a7d47af0d266008e"},
    {file = "cx_Freeze-7.2.7-cp311-cp311-win32.whl", hash = "sha256:909784281dad31c92c0f402894d99a6188bb81f22b593d9d55fc437d54ab35e0"},
    {file = "cx_Freeze-7.2.7-cp311-cp311-win_amd64.whl", hash = "sha256:8fff35321128f680a825d28074edd14b81bdd68b98128d4fa655c6c8901de3ce"},
    {file = "cx_Freeze-7.2.7-cp312-cp312-macosx_10_13_universal2.whl", hash = "sha256:6e22b449cf401a7d152e97a5feec71b492083067ca0336b74eb988fbfebfb3a6"},
    {file = "cx_Freeze-7.2.7-cp312-cp312-macosx_10_13_x86_64.whl", hash = "sha256:8611df6e740a7980145f2d6a3d9f9161fe4d6a12c0055da52ccccffe7d77d470"},
    {file = "cx_Freeze-7.2.7-cp312-cp312-macosx_11_0_arm64.whl", hash = "sha256:66fa38df2423a3ded9c59a6a089293db3b7a6d3493a701b31d24f97cd29f2143"},
    {file = "cx_Freeze-7.2.7-cp312-cp312-manylinux_2_17_aarch64.manylinux2014_aarch64.whl", hash = "sha256:41c6fd1e77a733fc1a0f4e3678e136726cc45a11b37ff5722ac18afdad703934"},
    {file = "cx_Freeze-7.2.7-cp312-cp312-manylinux_2_17_ppc64le.manylinux2014_ppc64le.whl", hash = "sha256:d00dc0bf7ed9a30491ec34bfb8f4347446afae506febc2afc2531ecbf9db94bf"},
    {file = "cx_Freeze-7.2.7-cp312-cp312-manylinux_2_17_x86_64.manylinux2014_x86_64.whl", hash = "sha256:a5a27b2a1925138e122435ef3d52c281d185a57d1f67e08232ea61be83174cd0"},
    {file = "cx_Freeze-7.2.7-cp312-cp312-musllinux_1_2_aarch64.whl", hash = "sha256:4ef57f4102a658e10704619294180b17a2d6c6595ff3753c9557b05e6a928c7f"},
    {file = "cx_Freeze-7.2.7-cp312-cp312-musllinux_1_2_ppc64le.whl", hash = "sha256:caa77cbbcb0665c6e5a5b2e31a13b63e99201a8f258244bcfc1aed737484070f"},
    {file = "cx_Freeze-7.2.7-cp312-cp312-musllinux_1_2_x86_64.whl", hash = "sha256:58280540d54fd248120fa9acb1ac9d229fa9b508297f855da05e3f4ed9255a2e"},
    {file = "cx_Freeze-7.2.7-cp312-cp312-win32.whl", hash = "sha256:344276a8354e4688c20dd3cf70c143d7666f1b93f56532ba9549718c2fac4e56"},
    {file = "cx_Freeze-7.2.7-cp312-cp312-win_amd64.whl", hash = "sha256:9a727914e702d98648def98626b13864413a4a5d52b8bd7f6f0d8ffaf7b9207f"},
    {file = "cx_Freeze-7.2.7-cp313-cp313-manylinux_2_17_aarch64.manylinux2014_aarch64.whl", hash = "sha256:ca1e82671db7ba48993a52bc351e34115eb2c5c91d8549d3ab60d717b941e6a3"},
    {file = "cx_Freeze-7.2.7-cp313-cp313-manylinux_2_17_ppc64le.manylinux2014_ppc64le.whl", hash = "sha256:58dbe6c30ab6583cf52f1b38a2f0901a57c80dee84f01271c9e6cfe3b7476ed0"},
    {file = "cx_Freeze-7.2.7-cp313-cp313-manylinux_2_17_x86_64.manylinux2014_x86_64.whl", hash = "sha256:cdb6725bc74e6e501b3289f6b58604bec94e0790f7bd5112e6f35c3e2638c6eb"},
    {file = "cx_Freeze-7.2.7-cp313-cp313-musllinux_1_2_aarch64.whl", hash = "sha256:dd3da95443bf0bc7eb1df23f55a35f42449f1d211c5edde59a2bd811030141c6"},
    {file = "cx_Freeze-7.2.7-cp313-cp313-musllinux_1_2_ppc64le.whl", hash = "sha256:0064f3de0dea0ee3a89cc864b13b1bd0382d163e28e23518e7cce5efd94a87a6"},
    {file = "cx_Freeze-7.2.7-cp313-cp313-musllinux_1_2_x86_64.whl", hash = "sha256:ca1ae3b12abc6472f9e9ab6e66265941e044770f29bc64db7c545eff5611af68"},
    {file = "cx_Freeze-7.2.7-cp313-cp313-win32.whl", hash = "sha256:546192ab868b9a4123c252d2fdd0af349b71242ae9706fff201b1c3dabe928c0"},
    {file = "cx_Freeze-7.2.7-cp313-cp313-win_amd64.whl", hash = "sha256:a1de14dc9960ae4065d053bcd5a801ef51761c7f92998f5a42810098eb337102"},
    {file = "cx_Freeze-7.2.7-cp38-cp38-macosx_10_9_x86_64.whl", hash = "sha256:e36fe7ad2974db158293672c9f1ae750e9e08fda56b6281760a23b77770bd240"},
    {file = "cx_Freeze-7.2.7-cp38-cp38-manylinux_2_17_x86_64.manylinux2014_x86_64.whl", hash = "sha256:6523d10c7066de2d17f60daac8256169e330f207b786ee1d071273b4a1e7c1fc"},
    {file = "cx_Freeze-7.2.7-cp38-cp38-musllinux_1_2_x86_64.whl", hash = "sha256:ff3587628a73d46e1d9d7c8d7ed6e6fe1b4c7aebbeb034b923b6fabdbbe5149f"},
    {file = "cx_Freeze-7.2.7-cp38-cp38-win32.whl", hash = "sha256:9859ba95a103f3b684553e4728fece150cf42b91c9f28873c661a6a3cbc3e226"},
    {file = "cx_Freeze-7.2.7-cp38-cp38-win_amd64.whl", hash = "sha256:c359c8333ea798373428f87fc6a56c6d89bdba6f974a55b7c3d6259342ff7036"},
    {file = "cx_Freeze-7.2.7-cp39-cp39-macosx_10_9_x86_64.whl", hash = "sha256:638f0107a95c639633cff2e84f9ec55b6687612a460a5f42e1ffc36a8c30e51d"},
    {file = "cx_Freeze-7.2.7-cp39-cp39-manylinux_2_17_x86_64.manylinux2014_x86_64.whl", hash = "sha256:e324896652b44f06e8fecd0da706bad37311a639a1128bbd41cb19cf3069d4f1"},
    {file = "cx_Freeze-7.2.7-cp39-cp39-musllinux_1_2_x86_64.whl", hash = "sha256:fc4ab1bd795dc7c985418fff3431bd6a3712df2e84e2f98d8c65d3a748fb5e14"},
    {file = "cx_Freeze-7.2.7-cp39-cp39-win32.whl", hash = "sha256:0c8512d24a7dcf3b35bd1e17f9e2d6f6a75e227aff243cd00c1aa4668b64ec01"},
    {file = "cx_Freeze-7.2.7-cp39-cp39-win_amd64.whl", hash = "sha256:3b1cdb80b75e142a3e85e71721edd8c423ff41a974dfe9436a09593129446ebf"},
    {file = "cx_freeze-7.2.7.tar.gz", hash = "sha256:c4d43a4e5357352ac5a89203fda3a8cfadf033d43682f73abbefd3860ce50fb4"},
]

[package.dependencies]
cx-Logging = {version = ">=3.1", markers = "sys_platform == \"win32\""}
dmgbuild = {version = ">=1.6.1", markers = "sys_platform == \"darwin\""}
filelock = {version = ">=3.12.3", markers = "sys_platform == \"linux\""}
importlib-metadata = {version = ">=6", markers = "python_full_version < \"3.10.2\""}
lief = {version = ">=0.12.0,<0.16.0", markers = "sys_platform == \"win32\""}
packaging = ">=24"
patchelf = {version = ">=0.14", markers = "sys_platform == \"linux\" and (platform_machine == \"aarch64\" or platform_machine == \"armv7l\" or platform_machine == \"i686\" or platform_machine == \"ppc64le\" or platform_machine == \"s390x\" or platform_machine == \"x86_64\")"}
setuptools = ">=65.6.3,<76"
tomli = {version = ">=2.0.1", markers = "python_version < \"3.11\""}

[package.extras]
dev = ["build (>=1.2.0)", "bump-my-version (==0.26.1)", "cibuildwheel (==2.22.0)", "pre-commit (>=3.5.0,<=3.8.0)"]
doc = ["furo (==2024.8.6)", "myst-parser (>=3.0.1,<=4.0.0)", "sphinx (>=7.1.2,<8)", "sphinx-new-tab-link (==0.6.0)", "sphinx-tabs (==3.4.5)"]
test = ["coverage (==7.6.1)", "pluggy (==1.5.0)", "pytest (==8.3.3)", "pytest-cov (==5.0.0)", "pytest-datafiles (==3.0.0)", "pytest-mock (==3.14.0)", "pytest-timeout (==2.3.1)", "pytest-xdist[psutil] (==3.6.1)"]

[[package]]
name = "cx-logging"
version = "3.2.1"
description = "Python and C interfaces for logging"
optional = false
python-versions = ">=3.9"
files = [
    {file = "cx_Logging-3.2.1-cp310-cp310-manylinux_2_17_aarch64.manylinux2014_aarch64.whl", hash = "sha256:e03e6ab69b7782b30eff481cabdb12b4f4693b684c8954af773b523e64f6211b"},
    {file = "cx_Logging-3.2.1-cp310-cp310-manylinux_2_17_x86_64.manylinux2014_x86_64.whl", hash = "sha256:710ca06a6cdd56a7c8e866c70e0a4dc92453e7000355b8dca07dac008ca57b6e"},
    {file = "cx_Logging-3.2.1-cp310-cp310-win32.whl", hash = "sha256:4fb0d7c6dc9a8c403e4c62a3be87301946102d036fbe7bd66c6851225ac05a2e"},
    {file = "cx_Logging-3.2.1-cp310-cp310-win_amd64.whl", hash = "sha256:42f48fae8254b6de27710b6bfd34467fde88072d5961f67e88914d7e2bb6c13e"},
    {file = "cx_Logging-3.2.1-cp311-cp311-manylinux_2_17_aarch64.manylinux2014_aarch64.whl", hash = "sha256:f27755fbed447fc78f5e2aaf9aa2e75fd699ce0cd6e01649edd36eebe4db26e9"},
    {file = "cx_Logging-3.2.1-cp311-cp311-manylinux_2_17_x86_64.manylinux2014_x86_64.whl", hash = "sha256:1ad36493c59f452709813d8b5b34164aae7c576445e9d5758ce4dfe1ea2561ed"},
    {file = "cx_Logging-3.2.1-cp311-cp311-win32.whl", hash = "sha256:ef526f0ddeba8611942ee76f2117cebb6319a2413b4077c2c1bf0947a61b9148"},
    {file = "cx_Logging-3.2.1-cp311-cp311-win_amd64.whl", hash = "sha256:4f6366871aa70439c4e3c25c3bb3dd70e8ee98bc190fd30862d7b199948b26f8"},
    {file = "cx_Logging-3.2.1-cp312-cp312-manylinux_2_17_aarch64.manylinux2014_aarch64.whl", hash = "sha256:c2bab892db2b1c18aaea2bc3dec001a73274fc4496c2c6d749144f179a8e2041"},
    {file = "cx_Logging-3.2.1-cp312-cp312-manylinux_2_17_x86_64.manylinux2014_x86_64.whl", hash = "sha256:800ce5a99a40f091b3671f9e174a6695e4cc30193b3b1aafb7f4712459ec080c"},
    {file = "cx_Logging-3.2.1-cp312-cp312-win32.whl", hash = "sha256:3f3de06cf09d5986b39e930c213567c340b3237dfce03d8d3bf6099475eaa02e"},
    {file = "cx_Logging-3.2.1-cp312-cp312-win_amd64.whl", hash = "sha256:3452add0544db6ff29116b72a4c48761aaffa9b638728330433853c0c4ad2ea1"},
    {file = "cx_Logging-3.2.1-cp313-cp313-manylinux_2_17_aarch64.manylinux2014_aarch64.whl", hash = "sha256:15e9eee263168f2015cbc7e921775d6f08db15b127c3c48b23080ec190f2bc66"},
    {file = "cx_Logging-3.2.1-cp313-cp313-manylinux_2_17_x86_64.manylinux2014_x86_64.whl", hash = "sha256:9418ca19ef435865815f3c60f60412993cf6823fe99882c9c8adeaaabe61ea07"},
    {file = "cx_Logging-3.2.1-cp313-cp313-win32.whl", hash = "sha256:330a29030bdca8795c99b678b4f6d87a75fb606eed1da206fdd9fa579a33dc21"},
    {file = "cx_Logging-3.2.1-cp313-cp313-win_amd64.whl", hash = "sha256:e14748b031522a95aa2db4adfc5f2be5f96f4d0fe687da591114f73a09e66926"},
    {file = "cx_Logging-3.2.1-cp39-cp39-manylinux_2_17_aarch64.manylinux2014_aarch64.whl", hash = "sha256:d57d9633671be935b83be86c43309f261fbe8ea5da704d96756999ede727f1e9"},
    {file = "cx_Logging-3.2.1-cp39-cp39-manylinux_2_17_x86_64.manylinux2014_x86_64.whl", hash = "sha256:12b37b33478a37c34cf5afa976ccf5bc441f13781f60f0dd206a4ab63cccf24a"},
    {file = "cx_Logging-3.2.1-cp39-cp39-win32.whl", hash = "sha256:8f4d60a1a1508e88f2dab78494a1a8fd417ce335f94c01b0d443560cf8838115"},
    {file = "cx_Logging-3.2.1-cp39-cp39-win_amd64.whl", hash = "sha256:26b707221077119606195fc14a65df2f21bd7bea78b383528ae8df4ea4298246"},
    {file = "cx_logging-3.2.1.tar.gz", hash = "sha256:812665ae5012680a6fe47095c3772bce638e47cf05b2c3483db3bdbe6b06da44"},
]

[[package]]
name = "dmgbuild"
version = "1.6.2"
description = "macOS command line utility to build disk images"
optional = false
python-versions = ">=3.8"
files = [
    {file = "dmgbuild-1.6.2-py3-none-any.whl", hash = "sha256:f78200b992027ccd2aa63872ed6ed11464e9149249303b8eee477e65280993d1"},
    {file = "dmgbuild-1.6.2.tar.gz", hash = "sha256:dba01d29f10c6804f2d72301600ddd03724daa41cd21a95409c44a3e199b19aa"},
]

[package.dependencies]
ds-store = ">=1.1.0"
mac-alias = ">=2.0.1"

[package.extras]
dev = ["coverage (==7.6.0)", "pre-commit (==3.5.0)", "pre-commit (==3.8.0)", "pytest (==8.3.2)", "pytest-cov (==5.0.0)", "tox (==4.16.0)"]
docs = ["sphinx (==7.1.2)", "sphinx (==7.4.7)", "sphinx-autobuild (==2021.3.14)", "sphinx-autobuild (==2024.4.16)", "sphinx-rtd-theme (==2.0.0)"]

[[package]]
name = "ds-store"
version = "1.3.1"
description = "Manipulate Finder .DS_Store files from Python"
optional = false
python-versions = ">=3.7"
files = [
    {file = "ds_store-1.3.1-py3-none-any.whl", hash = "sha256:fbacbb0bd5193ab3e66e5a47fff63619f15e374ffbec8ae29744251a6c8f05b5"},
    {file = "ds_store-1.3.1.tar.gz", hash = "sha256:c27d413caf13c19acb85d75da4752673f1f38267f9eb6ba81b3b5aa99c2d207c"},
]

[package.dependencies]
mac-alias = ">=2.0.1"

[package.extras]
dev = ["pre-commit", "tox"]
docs = ["sphinx", "sphinx-autobuild", "sphinx-rtd-theme"]
test = ["pytest", "pytest-cov", "pytest-tldr"]

[[package]]
name = "et-xmlfile"
version = "2.0.0"
description = "An implementation of lxml.xmlfile for the standard library"
optional = false
python-versions = ">=3.8"
files = [
    {file = "et_xmlfile-2.0.0-py3-none-any.whl", hash = "sha256:7a91720bc756843502c3b7504c77b8fe44217c85c537d85037f0f536151b2caa"},
    {file = "et_xmlfile-2.0.0.tar.gz", hash = "sha256:dab3f4764309081ce75662649be815c4c9081e88f0837825f90fd28317d4da54"},
]

[[package]]
name = "eudplib"
version = "0.79.7"
description = "eudplib is a package which provides scripting for StarCraft Use Map Setting(UMS) to UMS map and tool developers."
optional = false
python-versions = "<3.12,>=3.10"
files = [
    {file = "eudplib-0.79.7-cp310-abi3-win_amd64.whl", hash = "sha256:cb954eb6f1163947d0ad8e18ef93f432290c49ffa4ebc61a1c213b578682b57f"},
    {file = "eudplib-0.79.7.tar.gz", hash = "sha256:19cb4143ecb71ee64614ec7f5eba72a1d71e1cba7cefacbaee13713eed513780"},
]

[package.dependencies]
typing-extensions = "*"

[[package]]
name = "filelock"
version = "3.16.1"
description = "A platform independent file lock."
optional = false
python-versions = ">=3.8"
files = [
    {file = "filelock-3.16.1-py3-none-any.whl", hash = "sha256:2082e5703d51fbf98ea75855d9d5527e33d8ff23099bec374a134febee6946b0"},
    {file = "filelock-3.16.1.tar.gz", hash = "sha256:c249fbfcd5db47e5e2d6d62198e565475ee65e4831e2561c8e313fa7eb961435"},
]

[package.extras]
docs = ["furo (>=2024.8.6)", "sphinx (>=8.0.2)", "sphinx-autodoc-typehints (>=2.4.1)"]
testing = ["covdefaults (>=2.3)", "coverage (>=7.6.1)", "diff-cover (>=9.2)", "pytest (>=8.3.3)", "pytest-asyncio (>=0.24)", "pytest-cov (>=5)", "pytest-mock (>=3.14)", "pytest-timeout (>=2.3.1)", "virtualenv (>=20.26.4)"]
typing = ["typing-extensions (>=4.12.2)"]

[[package]]
name = "importlib-metadata"
version = "8.5.0"
description = "Read metadata from Python packages"
optional = false
python-versions = ">=3.8"
files = [
    {file = "importlib_metadata-8.5.0-py3-none-any.whl", hash = "sha256:45e54197d28b7a7f1559e60b95e7c567032b602131fbd588f1497f47880aa68b"},
    {file = "importlib_metadata-8.5.0.tar.gz", hash = "sha256:71522656f0abace1d072b9e5481a48f07c138e00f079c38c8f883823f9c26bd7"},
]

[package.dependencies]
zipp = ">=3.20"

[package.extras]
check = ["pytest-checkdocs (>=2.4)", "pytest-ruff (>=0.2.1)"]
cover = ["pytest-cov"]
doc = ["furo", "jaraco.packaging (>=9.3)", "jaraco.tidelift (>=1.4)", "rst.linker (>=1.9)", "sphinx (>=3.5)", "sphinx-lint"]
enabler = ["pytest-enabler (>=2.2)"]
perf = ["ipython"]
test = ["flufl.flake8", "importlib-resources (>=1.3)", "jaraco.test (>=5.4)", "packaging", "pyfakefs", "pytest (>=6,!=8.1.*)", "pytest-perf (>=0.9.2)"]
type = ["pytest-mypy"]

[[package]]
name = "lief"
version = "0.15.1"
description = "Library to instrument executable formats"
optional = false
python-versions = ">=3.8"
files = [
    {file = "lief-0.15.1-cp310-cp310-macosx_11_0_arm64.whl", hash = "sha256:a80246b96501b2b1d4927ceb3cb817eda9333ffa9e07101358929a6cffca5dae"},
    {file = "lief-0.15.1-cp310-cp310-macosx_11_0_x86_64.whl", hash = "sha256:84bf310710369544e2bb82f83d7fdab5b5ac422651184fde8bf9e35f14439691"},
    {file = "lief-0.15.1-cp310-cp310-manylinux_2_28_x86_64.whl", hash = "sha256:8fb58efb77358291109d2675d5459399c0794475b497992d0ecee18a4a46a207"},
    {file = "lief-0.15.1-cp310-cp310-manylinux_2_33_aarch64.whl", hash = "sha256:d5852a246361bbefa4c1d5930741765a2337638d65cfe30de1b7d61f9a54b865"},
    {file = "lief-0.15.1-cp310-cp310-musllinux_1_2_x86_64.whl", hash = "sha256:12e53dc0253c303df386ae45487a2f0078026602b36d0e09e838ae1d4dbef958"},
    {file = "lief-0.15.1-cp310-cp310-win32.whl", hash = "sha256:38b9cee48f42c355359ad7e3ff18bf1ec95e518238e4e8fb25657a49169dbf4c"},
    {file = "lief-0.15.1-cp310-cp310-win_amd64.whl", hash = "sha256:ddf2ebd73766169594d631b35f84c49ef42871de552ad49f36002c60164d0aca"},
    {file = "lief-0.15.1-cp311-cp311-macosx_11_0_arm64.whl", hash = "sha256:20508c52de0dffcee3242253541609590167a3e56150cbacb506fdbb822206ef"},
    {file = "lief-0.15.1-cp311-cp311-macosx_11_0_x86_64.whl", hash = "sha256:0750c892fd3b7161a3c2279f25fe1844427610c3a5a4ae23f65674ced6f93ea5"},
    {file = "lief-0.15.1-cp311-cp311-manylinux_2_28_x86_64.whl", hash = "sha256:a8634ea79d6d9862297fadce025519ab25ff01fcadb333cf42967c6295f0d057"},
    {file = "lief-0.15.1-cp311-cp311-manylinux_2_33_aarch64.whl", hash = "sha256:1e11e046ad71fe8c81e1a8d1d207fe2b99c967d33ce79c3d3915cb8f5ecacf52"},
    {file = "lief-0.15.1-cp311-cp311-musllinux_1_2_x86_64.whl", hash = "sha256:674b620cdf1d686f52450fd97c1056d4c92e55af8217ce85a1b2efaf5b32140b"},
    {file = "lief-0.15.1-cp311-cp311-win32.whl", hash = "sha256:dbdcd70fd23c90017705b7fe6c716f0a69c01d0d0ea7a2ff653d83dc4a61fefb"},
    {file = "lief-0.15.1-cp311-cp311-win_amd64.whl", hash = "sha256:e9b96a37bf11ca777ff305d85d957eabad2a92a6e577b6e2fb3ab79514e5a12e"},
    {file = "lief-0.15.1-cp312-cp312-macosx_11_0_arm64.whl", hash = "sha256:1a96f17c2085ef38d12ad81427ae8a5d6ad76f0bc62a1e1f5fe384255cd2cc94"},
    {file = "lief-0.15.1-cp312-cp312-macosx_11_0_x86_64.whl", hash = "sha256:d780af1762022b8e01b613253af490afea3864fbd6b5a49c6de7cea8fde0443d"},
    {file = "lief-0.15.1-cp312-cp312-manylinux_2_28_x86_64.whl", hash = "sha256:d0f10d80202de9634a16786b53ba3a8f54ae8b9a9e124a964d83212444486087"},
    {file = "lief-0.15.1-cp312-cp312-manylinux_2_33_aarch64.whl", hash = "sha256:864f17ecf1736296e6d5fc38b11983f9d19a5e799f094e21e20d58bfb1b95b80"},
    {file = "lief-0.15.1-cp312-cp312-musllinux_1_2_x86_64.whl", hash = "sha256:c2ec738bcafee8a569741f4a749f0596823b12f10713306c7d0cbbf85759f51c"},
    {file = "lief-0.15.1-cp312-cp312-win32.whl", hash = "sha256:db38619edf70e27fb3686b8c0f0bec63ad494ac88ab51660c5ecd2720b506e41"},
    {file = "lief-0.15.1-cp312-cp312-win_amd64.whl", hash = "sha256:28bf0922de5fb74502a29cc47930d3a052df58dc23ab6519fa590e564f194a60"},
    {file = "lief-0.15.1-cp313-cp313-manylinux_2_28_x86_64.whl", hash = "sha256:0616e6048f269d262ff93d67c497ebff3c1d3965ffb9427b0f2b474764fd2e8c"},
    {file = "lief-0.15.1-cp313-cp313-manylinux_2_33_aarch64.whl", hash = "sha256:6a08b2e512a80040429febddc777768c949bcd53f6f580e902e41ec0d9d936b8"},
    {file = "lief-0.15.1-cp313-cp313-musllinux_1_2_x86_64.whl", hash = "sha256:fcd489ff80860bcc2b2689faa330a46b6d66f0ee3e0f6ef9e643e2b996128a06"},
    {file = "lief-0.15.1-cp313-cp313-win32.whl", hash = "sha256:0d10e5b22e86bbf2d1e3877b604ffd8860c852b6bc00fca681fe1432f5018fe9"},
    {file = "lief-0.15.1-cp313-cp313-win_amd64.whl", hash = "sha256:5af7dcb9c3f44baaf60875df6ba9af6777db94776cc577ee86143bcce105ba2f"},
    {file = "lief-0.15.1-cp38-cp38-macosx_11_0_arm64.whl", hash = "sha256:f9757ff0c7c3d6f66e5fdcc6a9df69680fad0dc2707d64a3428f0825dfce1a85"},
    {file = "lief-0.15.1-cp38-cp38-macosx_11_0_x86_64.whl", hash = "sha256:8ac3cd099be2580d0e15150b1d2f5095c38f150af89993ddf390d7897ee8135f"},
    {file = "lief-0.15.1-cp38-cp38-manylinux_2_28_x86_64.whl", hash = "sha256:4dedeab498c312a29b58f16b739895f65fa54b2a21b8d98b111e99ad3f7e30a8"},
    {file = "lief-0.15.1-cp38-cp38-manylinux_2_33_aarch64.whl", hash = "sha256:b9217578f7a45f667503b271da8481207fb4edda8d4a53e869fb922df6030484"},
    {file = "lief-0.15.1-cp38-cp38-musllinux_1_2_x86_64.whl", hash = "sha256:82e6308ad8bd4bc7eadee3502ede13a5bb398725f25513a0396c8dba850f58a1"},
    {file = "lief-0.15.1-cp38-cp38-win32.whl", hash = "sha256:dde1c8f8ebe0ee9db4f2302c87ae3cacb9898dc412e0d7da07a8e4e834ac5158"},
    {file = "lief-0.15.1-cp38-cp38-win_amd64.whl", hash = "sha256:a079a76bca23aa73c850ab5beb7598871a1bf44662658b952cead2b5ddd31bee"},
    {file = "lief-0.15.1-cp39-cp39-macosx_11_0_arm64.whl", hash = "sha256:785a3aa14575f046ed9c8d44ea222ea14c697cd03b5331d1717b5b0cf4f72466"},
    {file = "lief-0.15.1-cp39-cp39-macosx_11_0_x86_64.whl", hash = "sha256:d7044553cf07c8a2ab6e21874f07585610d996ff911b9af71dc6085a89f59daa"},
    {file = "lief-0.15.1-cp39-cp39-manylinux_2_28_x86_64.whl", hash = "sha256:13285c3ff5ef6de2421d85684c954905af909db0ad3472e33c475e5f0f657dcf"},
    {file = "lief-0.15.1-cp39-cp39-manylinux_2_33_aarch64.whl", hash = "sha256:932f880ee8a130d663a97a9099516d8570b1b303af7816e70a02f9931d5ef4c2"},
    {file = "lief-0.15.1-cp39-cp39-musllinux_1_2_x86_64.whl", hash = "sha256:de9453f94866e0f2c36b6bd878625880080e7e5800788f5cbc06a76debf283b9"},
    {file = "lief-0.15.1-cp39-cp39-win32.whl", hash = "sha256:4e47324736d6aa559421720758de4ce12d04fb56bdffa3dcc051fe8cdd42ed17"},
    {file = "lief-0.15.1-cp39-cp39-win_amd64.whl", hash = "sha256:382a189514c0e6ebfb41e0db6106936c7ba94d8400651276add2899ff3570585"},
]

[[package]]
name = "mac-alias"
version = "2.2.2"
description = "Generate/parse Mac OS Alias records from Python"
optional = false
python-versions = ">=3.7"
files = [
    {file = "mac_alias-2.2.2-py3-none-any.whl", hash = "sha256:504ab8ac546f35bbd75ad014d6ad977c426660aa721f2cd3acf3dc2f664141bd"},
    {file = "mac_alias-2.2.2.tar.gz", hash = "sha256:c99c728eb512e955c11f1a6203a0ffa8883b26549e8afe68804031aa5da856b7"},
]

[package.extras]
dev = ["pre-commit", "tox"]
docs = ["sphinx", "sphinx-autobuild", "sphinx-rtd-theme"]
test = ["pytest", "pytest-cov", "pytest-tldr"]

[[package]]
name = "markdown-it-py"
version = "3.0.0"
description = "Python port of markdown-it. Markdown parsing, done right!"
optional = false
python-versions = ">=3.8"
files = [
    {file = "markdown-it-py-3.0.0.tar.gz", hash = "sha256:e3f60a94fa066dc52ec76661e37c851cb232d92f9886b15cb560aaada2df8feb"},
    {file = "markdown_it_py-3.0.0-py3-none-any.whl", hash = "sha256:355216845c60bd96232cd8d8c40e8f9765cc86f46880e43a8fd22dc1a1a8cab1"},
]

[package.dependencies]
mdurl = ">=0.1,<1.0"

[package.extras]
benchmarking = ["psutil", "pytest", "pytest-benchmark"]
code-style = ["pre-commit (>=3.0,<4.0)"]
compare = ["commonmark (>=0.9,<1.0)", "markdown (>=3.4,<4.0)", "mistletoe (>=1.0,<2.0)", "mistune (>=2.0,<3.0)", "panflute (>=2.3,<3.0)"]
linkify = ["linkify-it-py (>=1,<3)"]
plugins = ["mdit-py-plugins"]
profiling = ["gprof2dot"]
rtd = ["jupyter_sphinx", "mdit-py-plugins", "myst-parser", "pyyaml", "sphinx", "sphinx-copybutton", "sphinx-design", "sphinx_book_theme"]
testing = ["coverage", "pytest", "pytest-cov", "pytest-regressions"]

[[package]]
name = "mdurl"
version = "0.1.2"
description = "Markdown URL utilities"
optional = false
python-versions = ">=3.7"
files = [
    {file = "mdurl-0.1.2-py3-none-any.whl", hash = "sha256:84008a41e51615a49fc9966191ff91509e3c40b939176e643fd50a5c2196b8f8"},
    {file = "mdurl-0.1.2.tar.gz", hash = "sha256:bb413d29f5eea38f31dd4754dd7377d4465116fb207585f97bf925588687c1ba"},
]

[[package]]
name = "openpyxl"
version = "3.1.5"
description = "A Python library to read/write Excel 2010 xlsx/xlsm files"
optional = false
python-versions = ">=3.8"
files = [
    {file = "openpyxl-3.1.5-py2.py3-none-any.whl", hash = "sha256:5282c12b107bffeef825f4617dc029afaf41d0ea60823bbb665ef3079dc79de2"},
    {file = "openpyxl-3.1.5.tar.gz", hash = "sha256:cf0e3cf56142039133628b5acffe8ef0c12bc902d2aadd3e0fe5878dc08d1050"},
]

[package.dependencies]
et-xmlfile = "*"

[[package]]
name = "packaging"
version = "24.2"
description = "Core utilities for Python packages"
optional = false
python-versions = ">=3.8"
files = [
    {file = "packaging-24.2-py3-none-any.whl", hash = "sha256:09abb1bccd265c01f4a3aa3f7a7db064b36514d2cba19a2f694fe6150451a759"},
    {file = "packaging-24.2.tar.gz", hash = "sha256:c228a6dc5e932d346bc5739379109d49e8853dd8223571c7c5b55260edc0b97f"},
]

[[package]]
name = "patchelf"
version = "0.17.2.1"
description = "A small utility to modify the dynamic linker and RPATH of ELF executables."
optional = false
python-versions = "*"
files = [
    {file = "patchelf-0.17.2.1-py2.py3-none-manylinux_2_17_aarch64.manylinux2014_aarch64.musllinux_1_1_aarch64.whl", hash = "sha256:fc329da0e8f628bd836dfb8eaf523547e342351fa8f739bf2b3fe4a6db5a297c"},
    {file = "patchelf-0.17.2.1-py2.py3-none-manylinux_2_17_armv7l.manylinux2014_armv7l.musllinux_1_1_armv7l.whl", hash = "sha256:ccb266a94edf016efe80151172c26cff8c2ec120a57a1665d257b0442784195d"},
    {file = "patchelf-0.17.2.1-py2.py3-none-manylinux_2_17_ppc64le.manylinux2014_ppc64le.musllinux_1_1_ppc64le.whl", hash = "sha256:f47b5bdd6885cfb20abdd14c707d26eb6f499a7f52e911865548d4aa43385502"},
    {file = "patchelf-0.17.2.1-py2.py3-none-manylinux_2_17_s390x.manylinux2014_s390x.musllinux_1_1_s390x.whl", hash = "sha256:a9e6ebb0874a11f7ed56d2380bfaa95f00612b23b15f896583da30c2059fcfa8"},
    {file = "patchelf-0.17.2.1-py2.py3-none-manylinux_2_5_i686.manylinux1_i686.musllinux_1_1_i686.whl", hash = "sha256:3c8d58f0e4c1929b1c7c45ba8da5a84a8f1aa6a82a46e1cfb2e44a4d40f350e5"},
    {file = "patchelf-0.17.2.1-py2.py3-none-manylinux_2_5_x86_64.manylinux1_x86_64.musllinux_1_1_x86_64.whl", hash = "sha256:d1a9bc0d4fd80c038523ebdc451a1cce75237cfcc52dbd1aca224578001d5927"},
    {file = "patchelf-0.17.2.1.tar.gz", hash = "sha256:a6eb0dd452ce4127d0d5e1eb26515e39186fa609364274bc1b0b77539cfa7031"},
]

[package.extras]
test = ["importlib-metadata", "pytest"]

[[package]]
name = "pygments"
version = "2.18.0"
description = "Pygments is a syntax highlighting package written in Python."
optional = false
python-versions = ">=3.8"
files = [
    {file = "pygments-2.18.0-py3-none-any.whl", hash = "sha256:b8e6aca0523f3ab76fee51799c488e38782ac06eafcf95e7ba832985c8e7b13a"},
    {file = "pygments-2.18.0.tar.gz", hash = "sha256:786ff802f32e91311bff3889f6e9a86e81505fe99f2735bb6d60ae0c5004f199"},
]

[package.extras]
windows-terminal = ["colorama (>=0.4.6)"]

[[package]]
name = "rich"
version = "13.9.4"
description = "Render rich text, tables, progress bars, syntax highlighting, markdown and more to the terminal"
optional = false
python-versions = ">=3.8.0"
files = [
    {file = "rich-13.9.4-py3-none-any.whl", hash = "sha256:6049d5e6ec054bf2779ab3358186963bac2ea89175919d699e378b99738c2a90"},
    {file = "rich-13.9.4.tar.gz", hash = "sha256:439594978a49a09530cff7ebc4b5c7103ef57baf48d5ea3184f21d9a2befa098"},
]

[package.dependencies]
markdown-it-py = ">=2.2.0"
pygments = ">=2.13.0,<3.0.0"
typing-extensions = {version = ">=4.0.0,<5.0", markers = "python_version < \"3.11\""}

[package.extras]
jupyter = ["ipywidgets (>=7.5.1,<9)"]

[[package]]
name = "setuptools"
version = "75.6.0"
description = "Easily download, build, install, upgrade, and uninstall Python packages"
optional = false
python-versions = ">=3.9"
files = [
    {file = "setuptools-75.6.0-py3-none-any.whl", hash = "sha256:ce74b49e8f7110f9bf04883b730f4765b774ef3ef28f722cce7c273d253aaf7d"},
    {file = "setuptools-75.6.0.tar.gz", hash = "sha256:8199222558df7c86216af4f84c30e9b34a61d8ba19366cc914424cdbd28252f6"},
]

[package.extras]
check = ["pytest-checkdocs (>=2.4)", "pytest-ruff (>=0.2.1)", "ruff (>=0.7.0)"]
core = ["importlib_metadata (>=6)", "jaraco.collections", "jaraco.functools (>=4)", "jaraco.text (>=3.7)", "more_itertools", "more_itertools (>=8.8)", "packaging", "packaging (>=24.2)", "platformdirs (>=4.2.2)", "tomli (>=2.0.1)", "wheel (>=0.43.0)"]
cover = ["pytest-cov"]
doc = ["furo", "jaraco.packaging (>=9.3)", "jaraco.tidelift (>=1.4)", "pygments-github-lexers (==0.0.5)", "pyproject-hooks (!=1.1)", "rst.linker (>=1.9)", "sphinx (>=3.5)", "sphinx-favicon", "sphinx-inline-tabs", "sphinx-lint", "sphinx-notfound-page (>=1,<2)", "sphinx-reredirects", "sphinxcontrib-towncrier", "towncrier (<24.7)"]
enabler = ["pytest-enabler (>=2.2)"]
test = ["build[virtualenv] (>=1.0.3)", "filelock (>=3.4.0)", "ini2toml[lite] (>=0.14)", "jaraco.develop (>=7.21)", "jaraco.envs (>=2.2)", "jaraco.path (>=3.2.0)", "jaraco.test (>=5.5)", "packaging (>=24.2)", "pip (>=19.1)", "pyproject-hooks (!=1.1)", "pytest (>=6,!=8.1.*)", "pytest-home (>=0.5)", "pytest-perf", "pytest-subprocess", "pytest-timeout", "pytest-xdist (>=3)", "tomli-w (>=1.0.0)", "virtualenv (>=13.0.0)", "wheel (>=0.44.0)"]
type = ["importlib_metadata (>=7.0.2)", "jaraco.develop (>=7.21)", "mypy (>=1.12,<1.14)", "pytest-mypy"]

[[package]]
name = "tomli"
version = "2.2.1"
description = "A lil' TOML parser"
optional = false
python-versions = ">=3.8"
files = [
    {file = "tomli-2.2.1-cp311-cp311-macosx_10_9_x86_64.whl", hash = "sha256:678e4fa69e4575eb77d103de3df8a895e1591b48e740211bd1067378c69e8249"},
    {file = "tomli-2.2.1-cp311-cp311-macosx_11_0_arm64.whl", hash = "sha256:023aa114dd824ade0100497eb2318602af309e5a55595f76b626d6d9f3b7b0a6"},
    {file = "tomli-2.2.1-cp311-cp311-manylinux_2_17_aarch64.manylinux2014_aarch64.whl", hash = "sha256:ece47d672db52ac607a3d9599a9d48dcb2f2f735c6c2d1f34130085bb12b112a"},
    {file = "tomli-2.2.1-cp311-cp311-manylinux_2_17_x86_64.manylinux2014_x86_64.whl", hash = "sha256:6972ca9c9cc9f0acaa56a8ca1ff51e7af152a9f87fb64623e31d5c83700080ee"},
    {file = "tomli-2.2.1-cp311-cp311-manylinux_2_5_i686.manylinux1_i686.manylinux_2_17_i686.manylinux2014_i686.whl", hash = "sha256:c954d2250168d28797dd4e3ac5cf812a406cd5a92674ee4c8f123c889786aa8e"},
    {file = "tomli-2.2.1-cp311-cp311-musllinux_1_2_aarch64.whl", hash = "sha256:8dd28b3e155b80f4d54beb40a441d366adcfe740969820caf156c019fb5c7ec4"},
    {file = "tomli-2.2.1-cp311-cp311-musllinux_1_2_i686.whl", hash = "sha256:e59e304978767a54663af13c07b3d1af22ddee3bb2fb0618ca1593e4f593a106"},
    {file = "tomli-2.2.1-cp311-cp311-musllinux_1_2_x86_64.whl", hash = "sha256:33580bccab0338d00994d7f16f4c4ec25b776af3ffaac1ed74e0b3fc95e885a8"},
    {file = "tomli-2.2.1-cp311-cp311-win32.whl", hash = "sha256:465af0e0875402f1d226519c9904f37254b3045fc5084697cefb9bdde1ff99ff"},
    {file = "tomli-2.2.1-cp311-cp311-win_amd64.whl", hash = "sha256:2d0f2fdd22b02c6d81637a3c95f8cd77f995846af7414c5c4b8d0545afa1bc4b"},
    {file = "tomli-2.2.1-cp312-cp312-macosx_10_13_x86_64.whl", hash = "sha256:4a8f6e44de52d5e6c657c9fe83b562f5f4256d8ebbfe4ff922c495620a7f6cea"},
    {file = "tomli-2.2.1-cp312-cp312-macosx_11_0_arm64.whl", hash = "sha256:8d57ca8095a641b8237d5b079147646153d22552f1c637fd3ba7f4b0b29167a8"},
    {file = "tomli-2.2.1-cp312-cp312-manylinux_2_17_aarch64.manylinux2014_aarch64.whl", hash = "sha256:4e340144ad7ae1533cb897d406382b4b6fede8890a03738ff1683af800d54192"},
    {file = "tomli-2.2.1-cp312-cp312-manylinux_2_17_x86_64.manylinux2014_x86_64.whl", hash = "sha256:db2b95f9de79181805df90bedc5a5ab4c165e6ec3fe99f970d0e302f384ad222"},
    {file = "tomli-2.2.1-cp312-cp312-manylinux_2_5_i686.manylinux1_i686.manylinux_2_17_i686.manylinux2014_i686.whl", hash = "sha256:40741994320b232529c802f8bc86da4e1aa9f413db394617b9a256ae0f9a7f77"},
    {file = "tomli-2.2.1-cp312-cp312-musllinux_1_2_aarch64.whl", hash = "sha256:400e720fe168c0f8521520190686ef8ef033fb19fc493da09779e592861b78c6"},
    {file = "tomli-2.2.1-cp312-cp312-musllinux_1_2_i686.whl", hash = "sha256:02abe224de6ae62c19f090f68da4e27b10af2b93213d36cf44e6e1c5abd19fdd"},
    {file = "tomli-2.2.1-cp312-cp312-musllinux_1_2_x86_64.whl", hash = "sha256:b82ebccc8c8a36f2094e969560a1b836758481f3dc360ce9a3277c65f374285e"},
    {file = "tomli-2.2.1-cp312-cp312-win32.whl", hash = "sha256:889f80ef92701b9dbb224e49ec87c645ce5df3fa2cc548664eb8a25e03127a98"},
    {file = "tomli-2.2.1-cp312-cp312-win_amd64.whl", hash = "sha256:7fc04e92e1d624a4a63c76474610238576942d6b8950a2d7f908a340494e67e4"},
    {file = "tomli-2.2.1-cp313-cp313-macosx_10_13_x86_64.whl", hash = "sha256:f4039b9cbc3048b2416cc57ab3bda989a6fcf9b36cf8937f01a6e731b64f80d7"},
    {file = "tomli-2.2.1-cp313-cp313-macosx_11_0_arm64.whl", hash = "sha256:286f0ca2ffeeb5b9bd4fcc8d6c330534323ec51b2f52da063b11c502da16f30c"},
    {file = "tomli-2.2.1-cp313-cp313-manylinux_2_17_aarch64.manylinux2014_aarch64.whl", hash = "sha256:a92ef1a44547e894e2a17d24e7557a5e85a9e1d0048b0b5e7541f76c5032cb13"},
    {file = "tomli-2.2.1-cp313-cp313-manylinux_2_17_x86_64.manylinux2014_x86_64.whl", hash = "sha256:9316dc65bed1684c9a98ee68759ceaed29d229e985297003e494aa825ebb0281"},
    {file = "tomli-2.2.1-cp313-cp313-manylinux_2_5_i686.manylinux1_i686.manylinux_2_17_i686.manylinux2014_i686.whl", hash = "sha256:e85e99945e688e32d5a35c1ff38ed0b3f41f43fad8df0bdf79f72b2ba7bc5272"},
    {file = "tomli-2.2.1-cp313-cp313-musllinux_1_2_aarch64.whl", hash = "sha256:ac065718db92ca818f8d6141b5f66369833d4a80a9d74435a268c52bdfa73140"},
    {file = "tomli-2.2.1-cp313-cp313-musllinux_1_2_i686.whl", hash = "sha256:d920f33822747519673ee656a4b6ac33e382eca9d331c87770faa3eef562aeb2"},
    {file = "tomli-2.2.1-cp313-cp313-musllinux_1_2_x86_64.whl", hash = "sha256:a198f10c4d1b1375d7687bc25294306e551bf1abfa4eace6650070a5c1ae2744"},
    {file = "tomli-2.2.1-cp313-cp313-win32.whl", hash = "sha256:d3f5614314d758649ab2ab3a62d4f2004c825922f9e370b29416484086b264ec"},
    {file = "tomli-2.2.1-cp313-cp313-win_amd64.whl", hash = "sha256:a38aa0308e754b0e3c67e344754dff64999ff9b513e691d0e786265c93583c69"},
    {file = "tomli-2.2.1-py3-none-any.whl", hash = "sha256:cb55c73c5f4408779d0cf3eef9f762b9c9f147a77de7b258bef0a5628adc85cc"},
    {file = "tomli-2.2.1.tar.gz", hash = "sha256:cd45e1dc79c835ce60f7404ec8119f2eb06d38b1deba146f07ced3bbc44505ff"},
]

[[package]]
name = "typing-extensions"
version = "4.12.2"
description = "Backported and Experimental Type Hints for Python 3.8+"
optional = false
python-versions = ">=3.8"
files = [
    {file = "typing_extensions-4.12.2-py3-none-any.whl", hash = "sha256:04e5ca0351e0f3f85c6853954072df659d0d13fac324d0072316b67d7794700d"},
    {file = "typing_extensions-4.12.2.tar.gz", hash = "sha256:1a7ead55c7e559dd4dee8856e3a88b41225abfe1ce8df57b7c13915fe121ffb8"},
]

[[package]]
name = "zipp"
version = "3.21.0"
description = "Backport of pathlib-compatible object wrapper for zip files"
optional = false
python-versions = ">=3.9"
files = [
    {file = "zipp-3.21.0-py3-none-any.whl", hash = "sha256:ac1bbe05fd2991f160ebce24ffbac5f6d11d83dc90891255885223d42b3cd931"},
    {file = "zipp-3.21.0.tar.gz", hash = "sha256:2c9958f6430a2040341a52eb608ed6dd93ef4392e02ffe219417c1b28b5dd1f4"},
]

[package.extras]
check = ["pytest-checkdocs (>=2.4)", "pytest-ruff (>=0.2.1)"]
cover = ["pytest-cov"]
doc = ["furo", "jaraco.packaging (>=9.3)", "jaraco.tidelift (>=1.4)", "rst.linker (>=1.9)", "sphinx (>=3.5)", "sphinx-lint"]
enabler = ["pytest-enabler (>=2.2)"]
test = ["big-O", "importlib-resources", "jaraco.functools", "jaraco.itertools", "jaraco.test", "more-itertools", "pytest (>=6,!=8.1.*)", "pytest-ignore-flaky"]
type = ["pytest-mypy"]

[metadata]
lock-version = "2.0"
python-versions = ">= 3.10, < 3.12"
content-hash = "449913913e9fa90c70adfc2334936e95706291e35236d0c6026b5bebe6875036"
